
Microsoft Visual Studio Solution File, Format Version 12.00
# Visual Studio Version 17
VisualStudioVersion = 17.5.33502.453
MinimumVisualStudioVersion = 10.0.40219.1
Project("{FAE04EC0-301F-11D3-BF4B-00C04F79EFBC}") = "اسايمنت 2 برمجه", "تطبيق محاضره 11\اسايمنت 2 برمجه.csproj", "{A5782ADC-3B44-49B7-AF22-27E1A547F07A}"
EndProject
Global
	GlobalSection(SolutionConfigurationPlatforms) = preSolution
		Debug|Any CPU = Debug|Any CPU
		Release|Any CPU = Release|Any CPU
	EndGlobalSection
	GlobalSection(ProjectConfigurationPlatforms) = postSolution
		{A5782ADC-3B44-49B7-AF22-27E1A547F07A}.Debug|Any CPU.ActiveCfg = Debug|Any CPU
		{A5782ADC-3B44-49B7-AF22-27E1A547F07A}.Debug|Any CPU.Build.0 = Debug|Any CPU
		{A5782ADC-3B44-49B7-AF22-27E1A547F07A}.Release|Any CPU.ActiveCfg = Release|Any CPU
		{A5782ADC-3B44-49B7-AF22-27E1A547F07A}.Release|Any CPU.Build.0 = Release|Any CPU
	EndGlobalSection
	GlobalSection(SolutionProperties) = preSolution
		HideSolutionNode = FALSE
	EndGlobalSection
	GlobalSection(ExtensibilityGlobals) = postSolution
		SolutionGuid = {70FF97D3-1CA4-4BDC-B8AE-349DCE68B879}
	EndGlobalSection
EndGlobal
